// !$*UTF8*$!
{
	archiveVersion = 1;
	classes = {
	};
	objectVersion = 50;
	objects = {

/* Begin PBXBuildFile section */
		24A15D9121FF868900357249 /* Assets.xcassets in Resources */ = {isa = PBXBuildFile; fileRef = 24A15D8421FF868900357249 /* Assets.xcassets */; };
		24A15D9321FF868900357249 /* LaunchScreen.storyboard in Resources */ = {isa = PBXBuildFile; fileRef = 24A15D8B21FF868900357249 /* LaunchScreen.storyboard */; };
		24A15D9521FF868900357249 /* AppDelegate.swift in Sources */ = {isa = PBXBuildFile; fileRef = 24A15D8E21FF868900357249 /* AppDelegate.swift */; };
		24A15DA421FF973200357249 /* TestAPI.UI.Application.xcconfig in Resources */ = {isa = PBXBuildFile; fileRef = 24A15DA321FF973000357249 /* TestAPI.UI.Application.xcconfig */; };
/* End PBXBuildFile section */

/* Begin PBXFileReference section */
		245316BB21FF7F82000559D9 /* TestAPI.app */ = {isa = PBXFileReference; explicitFileType = wrapper.application; includeInIndex = 0; path = TestAPI.app; sourceTree = BUILT_PRODUCTS_DIR; };
		24A15D8421FF868900357249 /* Assets.xcassets */ = {isa = PBXFileReference; lastKnownFileType = folder.assetcatalog; path = Assets.xcassets; sourceTree = "<group>"; };
		24A15D8521FF868900357249 /* Info.plist */ = {isa = PBXFileReference; fileEncoding = 4; lastKnownFileType = text.plist.xml; path = Info.plist; sourceTree = "<group>"; };
		24A15D8B21FF868900357249 /* LaunchScreen.storyboard */ = {isa = PBXFileReference; fileEncoding = 4; lastKnownFileType = file.storyboard; path = LaunchScreen.storyboard; sourceTree = "<group>"; };
		24A15D8E21FF868900357249 /* AppDelegate.swift */ = {isa = PBXFileReference; fileEncoding = 4; lastKnownFileType = sourcecode.swift; path = AppDelegate.swift; sourceTree = "<group>"; };
		24A15DA321FF973000357249 /* TestAPI.UI.Application.xcconfig */ = {isa = PBXFileReference; fileEncoding = 4; lastKnownFileType = text.xcconfig; path = TestAPI.UI.Application.xcconfig; sourceTree = "<group>"; };
/* End PBXFileReference section */

/* Begin PBXFrameworksBuildPhase section */
		245316B821FF7F82000559D9 /* Frameworks */ = {
			isa = PBXFrameworksBuildPhase;
			buildActionMask = 2147483647;
			files = (
			);
			runOnlyForDeploymentPostprocessing = 0;
		};
/* End PBXFrameworksBuildPhase section */

/* Begin PBXGroup section */
		245316B221FF7F82000559D9 = {
			isa = PBXGroup;
			children = (
				24A15D8F21FF868900357249 /* Core.Entities */,
				24A15D9021FF868900357249 /* Core.Net */,
				24A15D8121FF868900357249 /* UI.Application */,
				245316BC21FF7F82000559D9 /* Products */,
			);
			sourceTree = "<group>";
		};
		245316BC21FF7F82000559D9 /* Products */ = {
			isa = PBXGroup;
			children = (
				245316BB21FF7F82000559D9 /* TestAPI.app */,
			);
			name = Products;
			sourceTree = "<group>";
		};
		24A15D8121FF868900357249 /* UI.Application */ = {
			isa = PBXGroup;
			children = (
				24A15DA221FF973000357249 /* Configuration */,
				24A15D8221FF868900357249 /* Resources */,
				24A15D8621FF868900357249 /* Sources */,
			);
			path = UI.Application;
			sourceTree = "<group>";
		};
		24A15D8221FF868900357249 /* Resources */ = {
			isa = PBXGroup;
			children = (
				24A15D8321FF868900357249 /* Images */,
				24A15D8521FF868900357249 /* Info.plist */,
			);
			path = Resources;
			sourceTree = "<group>";
		};
		24A15D8321FF868900357249 /* Images */ = {
			isa = PBXGroup;
			children = (
				24A15D8421FF868900357249 /* Assets.xcassets */,
			);
			path = Images;
			sourceTree = "<group>";
		};
		24A15D8621FF868900357249 /* Sources */ = {
			isa = PBXGroup;
			children = (
				24A15D8721FF868900357249 /* UI */,
				24A15D8D21FF868900357249 /* Application */,
			);
			path = Sources;
			sourceTree = "<group>";
		};
		24A15D8721FF868900357249 /* UI */ = {
			isa = PBXGroup;
			children = (
				24A15D8821FF868900357249 /* Screen */,
			);
			path = UI;
			sourceTree = "<group>";
		};
		24A15D8821FF868900357249 /* Screen */ = {
			isa = PBXGroup;
			children = (
				24A15D8921FF868900357249 /* LaunchScreen */,
			);
			path = Screen;
			sourceTree = "<group>";
		};
		24A15D8921FF868900357249 /* LaunchScreen */ = {
			isa = PBXGroup;
			children = (
				24A15D9C21FF898E00357249 /* Controllers */,
				24A15D9E21FF898E00357249 /* Models */,
				24A15D8A21FF868900357249 /* Resources */,
				24A15D9621FF898600357249 /* ViewModels */,
				24A15D9821FF898600357249 /* Views */,
			);
			path = LaunchScreen;
			sourceTree = "<group>";
		};
		24A15D8A21FF868900357249 /* Resources */ = {
			isa = PBXGroup;
			children = (
				24A15D8B21FF868900357249 /* LaunchScreen.storyboard */,
			);
			path = Resources;
			sourceTree = "<group>";
		};
		24A15D8D21FF868900357249 /* Application */ = {
			isa = PBXGroup;
			children = (
				24A15D8E21FF868900357249 /* AppDelegate.swift */,
			);
			path = Application;
			sourceTree = "<group>";
		};
		24A15D8F21FF868900357249 /* Core.Entities */ = {
			isa = PBXGroup;
			children = (
			);
			path = Core.Entities;
			sourceTree = "<group>";
		};
		24A15D9021FF868900357249 /* Core.Net */ = {
			isa = PBXGroup;
			children = (
			);
			path = Core.Net;
			sourceTree = "<group>";
		};
		24A15D9621FF898600357249 /* ViewModels */ = {
			isa = PBXGroup;
			children = (
			);
			path = ViewModels;
			sourceTree = "<group>";
		};
		24A15D9821FF898600357249 /* Views */ = {
			isa = PBXGroup;
			children = (
			);
			path = Views;
			sourceTree = "<group>";
		};
		24A15D9C21FF898E00357249 /* Controllers */ = {
			isa = PBXGroup;
			children = (
			);
			path = Controllers;
			sourceTree = "<group>";
		};
		24A15D9E21FF898E00357249 /* Models */ = {
			isa = PBXGroup;
			children = (
			);
			path = Models;
			sourceTree = "<group>";
		};
		24A15DA221FF973000357249 /* Configuration */ = {
			isa = PBXGroup;
			children = (
				24A15DA321FF973000357249 /* TestAPI.UI.Application.xcconfig */,
			);
			path = Configuration;
			sourceTree = "<group>";
		};
/* End PBXGroup section */

/* Begin PBXNativeTarget section */
		245316BA21FF7F82000559D9 /* TestAPI */ = {
			isa = PBXNativeTarget;
			buildConfigurationList = 245316CD21FF7F83000559D9 /* Build configuration list for PBXNativeTarget "TestAPI" */;
			buildPhases = (
				245316B721FF7F82000559D9 /* Sources */,
				245316B821FF7F82000559D9 /* Frameworks */,
				245316B921FF7F82000559D9 /* Resources */,
			);
			buildRules = (
			);
			dependencies = (
			);
			name = TestAPI;
			productName = TestAPI;
			productReference = 245316BB21FF7F82000559D9 /* TestAPI.app */;
			productType = "com.apple.product-type.application";
		};
/* End PBXNativeTarget section */

/* Begin PBXProject section */
		245316B321FF7F82000559D9 /* Project object */ = {
			isa = PBXProject;
			attributes = {
				LastSwiftUpdateCheck = 1010;
				LastUpgradeCheck = 1010;
				ORGANIZATIONNAME = Nik;
				TargetAttributes = {
					245316BA21FF7F82000559D9 = {
						CreatedOnToolsVersion = 10.1;
					};
				};
			};
			buildConfigurationList = 245316B621FF7F82000559D9 /* Build configuration list for PBXProject "TestAPI.UI.Application" */;
			compatibilityVersion = "Xcode 9.3";
			developmentRegion = en;
			hasScannedForEncodings = 0;
			knownRegions = (
				en,
				Base,
			);
			mainGroup = 245316B221FF7F82000559D9;
			productRefGroup = 245316BC21FF7F82000559D9 /* Products */;
			projectDirPath = "";
			projectRoot = "";
			targets = (
				245316BA21FF7F82000559D9 /* TestAPI */,
			);
		};
/* End PBXProject section */

/* Begin PBXResourcesBuildPhase section */
		245316B921FF7F82000559D9 /* Resources */ = {
			isa = PBXResourcesBuildPhase;
			buildActionMask = 2147483647;
			files = (
				24A15D9321FF868900357249 /* LaunchScreen.storyboard in Resources */,
				24A15DA421FF973200357249 /* TestAPI.UI.Application.xcconfig in Resources */,
				24A15D9121FF868900357249 /* Assets.xcassets in Resources */,
			);
			runOnlyForDeploymentPostprocessing = 0;
		};
/* End PBXResourcesBuildPhase section */

/* Begin PBXSourcesBuildPhase section */
		245316B721FF7F82000559D9 /* Sources */ = {
			isa = PBXSourcesBuildPhase;
			buildActionMask = 2147483647;
			files = (
				24A15D9521FF868900357249 /* AppDelegate.swift in Sources */,
			);
			runOnlyForDeploymentPostprocessing = 0;
		};
/* End PBXSourcesBuildPhase section */

/* Begin XCBuildConfiguration section */
		245316CB21FF7F83000559D9 /* Debug */ = {
			isa = XCBuildConfiguration;
			baseConfigurationReference = 24A15DA321FF973000357249 /* TestAPI.UI.Application.xcconfig */;
			buildSettings = {
				ALWAYS_SEARCH_USER_PATHS = NO;
				CLANG_ANALYZER_NONNULL = YES;
				CLANG_ANALYZER_NUMBER_OBJECT_CONVERSION = YES_AGGRESSIVE;
				CLANG_CXX_LANGUAGE_STANDARD = "gnu++0x";
				CLANG_CXX_LIBRARY = "libc++";
				CLANG_ENABLE_MODULES = YES;
				CLANG_ENABLE_OBJC_ARC = YES;
				CLANG_WARN_BLOCK_CAPTURE_AUTORELEASING = YES;
				CLANG_WARN_BOOL_CONVERSION = YES;
				CLANG_WARN_COMMA = YES;
				CLANG_WARN_CONSTANT_CONVERSION = YES;
				CLANG_WARN_DEPRECATED_OBJC_IMPLEMENTATIONS = YES;
				CLANG_WARN_DIRECT_OBJC_ISA_USAGE = YES_ERROR;
				CLANG_WARN_EMPTY_BODY = YES;
				CLANG_WARN_ENUM_CONVERSION = YES;
				CLANG_WARN_INFINITE_RECURSION = YES;
				CLANG_WARN_INT_CONVERSION = YES;
				CLANG_WARN_NON_LITERAL_NULL_CONVERSION = YES;
				CLANG_WARN_OBJC_IMPLICIT_RETAIN_SELF = YES;
				CLANG_WARN_OBJC_LITERAL_CONVERSION = YES;
				CLANG_WARN_OBJC_ROOT_CLASS = YES_ERROR;
				CLANG_WARN_RANGE_LOOP_ANALYSIS = YES;
				CLANG_WARN_STRICT_PROTOTYPES = YES;
				CLANG_WARN_SUSPICIOUS_MOVE = YES;
				CLANG_WARN_UNGUARDED_AVAILABILITY = YES_AGGRESSIVE;
				CLANG_WARN_UNREACHABLE_CODE = YES;
				CLANG_WARN__DUPLICATE_METHOD_MATCH = YES;
				CODE_SIGN_IDENTITY = "iPhone Developer";
				COPY_PHASE_STRIP = NO;
				DEBUG_INFORMATION_FORMAT = dwarf;
				ENABLE_STRICT_OBJC_MSGSEND = YES;
				ENABLE_TESTABILITY = YES;
				GCC_C_LANGUAGE_STANDARD = gnu11;
				GCC_DYNAMIC_NO_PIC = NO;
				GCC_NO_COMMON_BLOCKS = YES;
				GCC_OPTIMIZATION_LEVEL = 0;
				GCC_PREPROCESSOR_DEFINITIONS = (
					"DEBUG=1",
					"$(inherited)",
				);
				GCC_WARN_64_TO_32_BIT_CONVERSION = YES;
				GCC_WARN_ABOUT_RETURN_TYPE = YES_ERROR;
				GCC_WARN_UNDECLARED_SELECTOR = YES;
				GCC_WARN_UNINITIALIZED_AUTOS = YES_AGGRESSIVE;
				GCC_WARN_UNUSED_FUNCTION = YES;
				GCC_WARN_UNUSED_VARIABLE = YES;
				IPHONEOS_DEPLOYMENT_TARGET = 8.0;
				MTL_ENABLE_DEBUG_INFO = INCLUDE_SOURCE;
				MTL_FAST_MATH = YES;
				ONLY_ACTIVE_ARCH = YES;
				SDKROOT = iphoneos;
				SWIFT_ACTIVE_COMPILATION_CONDITIONS = DEBUG;
				SWIFT_OPTIMIZATION_LEVEL = "-Onone";
				SWIFT_VERSION = 4.2;
				USE_HEADERMAP = NO;
			};
			name = Debug;
		};
		245316CC21FF7F83000559D9 /* Release */ = {
			isa = XCBuildConfiguration;
			baseConfigurationReference = 24A15DA321FF973000357249 /* TestAPI.UI.Application.xcconfig */;
			buildSettings = {
				ALWAYS_SEARCH_USER_PATHS = NO;
				CLANG_ANALYZER_NONNULL = YES;
				CLANG_ANALYZER_NUMBER_OBJECT_CONVERSION = YES_AGGRESSIVE;
				CLANG_CXX_LANGUAGE_STANDARD = "gnu++0x";
				CLANG_CXX_LIBRARY = "libc++";
				CLANG_ENABLE_MODULES = YES;
				CLANG_ENABLE_OBJC_ARC = YES;
				CLANG_WARN_BLOCK_CAPTURE_AUTORELEASING = YES;
				CLANG_WARN_BOOL_CONVERSION = YES;
				CLANG_WARN_COMMA = YES;
				CLANG_WARN_CONSTANT_CONVERSION = YES;
				CLANG_WARN_DEPRECATED_OBJC_IMPLEMENTATIONS = YES;
				CLANG_WARN_DIRECT_OBJC_ISA_USAGE = YES_ERROR;
				CLANG_WARN_EMPTY_BODY = YES;
				CLANG_WARN_ENUM_CONVERSION = YES;
				CLANG_WARN_INFINITE_RECURSION = YES;
				CLANG_WARN_INT_CONVERSION = YES;
				CLANG_WARN_NON_LITERAL_NULL_CONVERSION = YES;
				CLANG_WARN_OBJC_IMPLICIT_RETAIN_SELF = YES;
				CLANG_WARN_OBJC_LITERAL_CONVERSION = YES;
				CLANG_WARN_OBJC_ROOT_CLASS = YES_ERROR;
				CLANG_WARN_RANGE_LOOP_ANALYSIS = YES;
				CLANG_WARN_STRICT_PROTOTYPES = YES;
				CLANG_WARN_SUSPICIOUS_MOVE = YES;
				CLANG_WARN_UNGUARDED_AVAILABILITY = YES_AGGRESSIVE;
				CLANG_WARN_UNREACHABLE_CODE = YES;
				CLANG_WARN__DUPLICATE_METHOD_MATCH = YES;
				CODE_SIGN_IDENTITY = "iPhone Developer";
				COPY_PHASE_STRIP = NO;
				DEBUG_INFORMATION_FORMAT = "dwarf-with-dsym";
				ENABLE_NS_ASSERTIONS = NO;
				ENABLE_STRICT_OBJC_MSGSEND = YES;
				GCC_C_LANGUAGE_STANDARD = gnu11;
				GCC_NO_COMMON_BLOCKS = YES;
				GCC_WARN_64_TO_32_BIT_CONVERSION = YES;
				GCC_WARN_ABOUT_RETURN_TYPE = YES_ERROR;
				GCC_WARN_UNDECLARED_SELECTOR = YES;
				GCC_WARN_UNINITIALIZED_AUTOS = YES_AGGRESSIVE;
				GCC_WARN_UNUSED_FUNCTION = YES;
				GCC_WARN_UNUSED_VARIABLE = YES;
				IPHONEOS_DEPLOYMENT_TARGET = 8.0;
				MTL_ENABLE_DEBUG_INFO = NO;
				MTL_FAST_MATH = YES;
				SDKROOT = iphoneos;
				SWIFT_COMPILATION_MODE = wholemodule;
				SWIFT_OPTIMIZATION_LEVEL = "-O";
				SWIFT_VERSION = 4.2;
				USE_HEADERMAP = NO;
				VALIDATE_PRODUCT = YES;
			};
			name = Release;
		};
		245316CE21FF7F83000559D9 /* Debug */ = {
			isa = XCBuildConfiguration;
			buildSettings = {
				ASSETCATALOG_COMPILER_APPICON_NAME = AppIcon;
				CODE_SIGN_STYLE = Automatic;
				DEVELOPMENT_TEAM = GAV7X6L47K;
				GCC_PREPROCESSOR_DEFINITIONS = (
					"DEBUG=1",
					"$(inherited)",
					"COCOAPODS=1",
				);
				INFOPLIST_FILE = "$(SRCROOT)/UI.Application/Resources/Info.plist";
				IPHONEOS_DEPLOYMENT_TARGET = 8.0;
				LD_RUNPATH_SEARCH_PATHS = (
					"$(inherited)",
					"@executable_path/Frameworks",
					"@loader_path/Frameworks",
				);
				OTHER_SWIFT_FLAGS = "-DDEBUG";
				PRODUCT_BUNDLE_IDENTIFIER = com.semakovnv.TestAPI;
				PRODUCT_NAME = "$(TARGET_NAME)";
				SWIFT_ACTIVE_COMPILATION_CONDITIONS = "";
				TARGETED_DEVICE_FAMILY = 1;
				USER_HEADER_SEARCH_PATHS = (
					"Dependencies/**",
					Sources/Extension/Foundation,
				);
			};
			name = Debug;
		};
		245316CF21FF7F83000559D9 /* Release */ = {
			isa = XCBuildConfiguration;
			buildSettings = {
				ASSETCATALOG_COMPILER_APPICON_NAME = AppIcon;
				CODE_SIGN_STYLE = Automatic;
				DEVELOPMENT_TEAM = GAV7X6L47K;
				GCC_PREPROCESSOR_DEFINITIONS = "COCOAPODS=1";
				INFOPLIST_FILE = "$(SRCROOT)/UI.Application/Resources/Info.plist";
				IPHONEOS_DEPLOYMENT_TARGET = 8.0;
				LD_RUNPATH_SEARCH_PATHS = (
					"$(inherited)",
					"@executable_path/Frameworks",
					"@loader_path/Frameworks",
				);
				OTHER_SWIFT_FLAGS = "-DRELEASE";
				PRODUCT_BUNDLE_IDENTIFIER = com.semakovnv.TestAPI;
				PRODUCT_NAME = "$(TARGET_NAME)";
				TARGETED_DEVICE_FAMILY = 1;
				USER_HEADER_SEARCH_PATHS = (
					"Dependencies/**",
					Sources/Extension/Foundation,
				);
			};
			name = Release;
		};
/* End XCBuildConfiguration section */

/* Begin XCConfigurationList section */
		245316B621FF7F82000559D9 /* Build configuration list for PBXProject "TestAPI.UI.Application" */ = {
			isa = XCConfigurationList;
			buildConfigurations = (
				245316CB21FF7F83000559D9 /* Debug */,
				245316CC21FF7F83000559D9 /* Release */,
			);
			defaultConfigurationIsVisible = 0;
			defaultConfigurationName = Release;
		};
		245316CD21FF7F83000559D9 /* Build configuration list for PBXNativeTarget "TestAPI" */ = {
			isa = XCConfigurationList;
			buildConfigurations = (
				245316CE21FF7F83000559D9 /* Debug */,
				245316CF21FF7F83000559D9 /* Release */,
			);
			defaultConfigurationIsVisible = 0;
			defaultConfigurationName = Release;
		};
/* End XCConfigurationList section */
	};
	rootObject = 245316B321FF7F82000559D9 /* Project object */;
}
